// !$*UTF8*$!
{
	archiveVersion = 1;
	classes = {
	};
	objectVersion = 56;
	objects = {

/* Begin PBXBuildFile section */
		AF9C56792933691D004FF281 /* PositiveButtonModifier.swift in Sources */ = {isa = PBXBuildFile; fileRef = AF9C56782933691D004FF281 /* PositiveButtonModifier.swift */; };
		AF9C567B29336B20004FF281 /* PositiveButtonStyle.swift in Sources */ = {isa = PBXBuildFile; fileRef = AF9C567A29336B20004FF281 /* PositiveButtonStyle.swift */; };
		AF9C567E29336B9F004FF281 /* View.swift in Sources */ = {isa = PBXBuildFile; fileRef = AF9C567D29336B9F004FF281 /* View.swift */; };
		AF9C5680293372E2004FF281 /* TextFieldSingleLineView.swift in Sources */ = {isa = PBXBuildFile; fileRef = AF9C567F293372E2004FF281 /* TextFieldSingleLineView.swift */; };
		AF9C568629337B70004FF281 /* LoginView.swift in Sources */ = {isa = PBXBuildFile; fileRef = AF9C568529337B70004FF281 /* LoginView.swift */; };
		AF9C568829337B84004FF281 /* RegisterView.swift in Sources */ = {isa = PBXBuildFile; fileRef = AF9C568729337B84004FF281 /* RegisterView.swift */; };
		AF9C568C2933860D004FF281 /* ImagePicker.swift in Sources */ = {isa = PBXBuildFile; fileRef = AF9C568B2933860D004FF281 /* ImagePicker.swift */; };
		AF9C568D2933860D004FF281 /* ImagePicker.swift in Sources */ = {isa = PBXBuildFile; fileRef = AF9C568B2933860D004FF281 /* ImagePicker.swift */; };
		AF9C568F2933A8DD004FF281 /* SettingsModel.swift in Sources */ = {isa = PBXBuildFile; fileRef = AF9C568E2933A8DD004FF281 /* SettingsModel.swift */; };
		AF9C56902933A8DD004FF281 /* SettingsModel.swift in Sources */ = {isa = PBXBuildFile; fileRef = AF9C568E2933A8DD004FF281 /* SettingsModel.swift */; };
		AFE8914E2932054D001262A8 /* AppDelegate.swift in Sources */ = {isa = PBXBuildFile; fileRef = AFE8914D2932054D001262A8 /* AppDelegate.swift */; };
		AFE891502932054D001262A8 /* SceneDelegate.swift in Sources */ = {isa = PBXBuildFile; fileRef = AFE8914F2932054D001262A8 /* SceneDelegate.swift */; };
		AFE891572932054E001262A8 /* Assets.xcassets in Resources */ = {isa = PBXBuildFile; fileRef = AFE891562932054E001262A8 /* Assets.xcassets */; };
		AFE8915A2932054E001262A8 /* LaunchScreen.storyboard in Resources */ = {isa = PBXBuildFile; fileRef = AFE891582932054E001262A8 /* LaunchScreen.storyboard */; };
		AFE891662932057B001262A8 /* ChatAppSwiftUIApp.swift in Sources */ = {isa = PBXBuildFile; fileRef = AFE891652932057B001262A8 /* ChatAppSwiftUIApp.swift */; };
		AFE8916D2932057B001262A8 /* Preview Assets.xcassets in Resources */ = {isa = PBXBuildFile; fileRef = AFE8916C2932057B001262A8 /* Preview Assets.xcassets */; };
		AFE8917B29320A00001262A8 /* Assets.xcassets in Resources */ = {isa = PBXBuildFile; fileRef = AFE891562932054E001262A8 /* Assets.xcassets */; };
		AFE8917E29320CA1001262A8 /* FirebaseAuth in Frameworks */ = {isa = PBXBuildFile; productRef = AFE8917D29320CA1001262A8 /* FirebaseAuth */; };
		AFE8918029320CA1001262A8 /* FirebaseFirestore in Frameworks */ = {isa = PBXBuildFile; productRef = AFE8917F29320CA1001262A8 /* FirebaseFirestore */; };
		AFE8918229320CA1001262A8 /* FirebaseMessaging in Frameworks */ = {isa = PBXBuildFile; productRef = AFE8918129320CA1001262A8 /* FirebaseMessaging */; };
		AFE8918429320CA1001262A8 /* FirebaseStorage in Frameworks */ = {isa = PBXBuildFile; productRef = AFE8918329320CA1001262A8 /* FirebaseStorage */; };
		AFE8918629320D63001262A8 /* Color+UIColor.swift in Sources */ = {isa = PBXBuildFile; fileRef = AFE8918529320D63001262A8 /* Color+UIColor.swift */; };
		AFE8918729320D67001262A8 /* Color+UIColor.swift in Sources */ = {isa = PBXBuildFile; fileRef = AFE8918529320D63001262A8 /* Color+UIColor.swift */; };
		AFE8918929320D89001262A8 /* UIApplication.swift in Sources */ = {isa = PBXBuildFile; fileRef = AFE8918829320D89001262A8 /* UIApplication.swift */; };
		AFE8918A29320DA1001262A8 /* UIApplication.swift in Sources */ = {isa = PBXBuildFile; fileRef = AFE8918829320D89001262A8 /* UIApplication.swift */; };
		AFE8918D2932101F001262A8 /* AuthService.swift in Sources */ = {isa = PBXBuildFile; fileRef = AFE8918C2932101F001262A8 /* AuthService.swift */; };
		AFE8918E2932101F001262A8 /* AuthService.swift in Sources */ = {isa = PBXBuildFile; fileRef = AFE8918C2932101F001262A8 /* AuthService.swift */; };
		AFE8919129321065001262A8 /* UserModel.swift in Sources */ = {isa = PBXBuildFile; fileRef = AFE8919029321065001262A8 /* UserModel.swift */; };
		AFE8919229321065001262A8 /* UserModel.swift in Sources */ = {isa = PBXBuildFile; fileRef = AFE8919029321065001262A8 /* UserModel.swift */; };
		AFE89194293210A5001262A8 /* AuthCredentials.swift in Sources */ = {isa = PBXBuildFile; fileRef = AFE89193293210A5001262A8 /* AuthCredentials.swift */; };
		AFE89195293210A5001262A8 /* AuthCredentials.swift in Sources */ = {isa = PBXBuildFile; fileRef = AFE89193293210A5001262A8 /* AuthCredentials.swift */; };
		AFE89197293210E9001262A8 /* Constants.swift in Sources */ = {isa = PBXBuildFile; fileRef = AFE89196293210E9001262A8 /* Constants.swift */; };
		AFE89198293210E9001262A8 /* Constants.swift in Sources */ = {isa = PBXBuildFile; fileRef = AFE89196293210E9001262A8 /* Constants.swift */; };
		AFE8919A29321158001262A8 /* FirebaseFileType.swift in Sources */ = {isa = PBXBuildFile; fileRef = AFE8919929321158001262A8 /* FirebaseFileType.swift */; };
		AFE8919B29321158001262A8 /* FirebaseFileType.swift in Sources */ = {isa = PBXBuildFile; fileRef = AFE8919929321158001262A8 /* FirebaseFileType.swift */; };
		AFE8919D293211E2001262A8 /* ImageUploadService.swift in Sources */ = {isa = PBXBuildFile; fileRef = AFE8919C293211E2001262A8 /* ImageUploadService.swift */; };
		AFE8919E293211E2001262A8 /* ImageUploadService.swift in Sources */ = {isa = PBXBuildFile; fileRef = AFE8919C293211E2001262A8 /* ImageUploadService.swift */; };
		AFE891A0293212C0001262A8 /* ImageDownloadService.swift in Sources */ = {isa = PBXBuildFile; fileRef = AFE8919F293212C0001262A8 /* ImageDownloadService.swift */; };
		AFE891A1293212C0001262A8 /* ImageDownloadService.swift in Sources */ = {isa = PBXBuildFile; fileRef = AFE8919F293212C0001262A8 /* ImageDownloadService.swift */; };
		AFE891A52932160A001262A8 /* MainTabbarController.swift in Sources */ = {isa = PBXBuildFile; fileRef = AFE891A42932160A001262A8 /* MainTabbarController.swift */; };
		AFE891B329321AB3001262A8 /* ChatsVC.swift in Sources */ = {isa = PBXBuildFile; fileRef = AFE891B229321AB3001262A8 /* ChatsVC.swift */; };
		AFE891B529321B37001262A8 /* CallsVC.swift in Sources */ = {isa = PBXBuildFile; fileRef = AFE891B429321B37001262A8 /* CallsVC.swift */; };
		AFE891B729321B6D001262A8 /* StatusVC.swift in Sources */ = {isa = PBXBuildFile; fileRef = AFE891B629321B6D001262A8 /* StatusVC.swift */; };
		AFE891B929321BA4001262A8 /* Communities.swift in Sources */ = {isa = PBXBuildFile; fileRef = AFE891B829321BA4001262A8 /* Communities.swift */; };
		AFE891BB29321BF4001262A8 /* Settings.swift in Sources */ = {isa = PBXBuildFile; fileRef = AFE891BA29321BF4001262A8 /* Settings.swift */; };
		AFE891BD29323206001262A8 /* ChatsView.swift in Sources */ = {isa = PBXBuildFile; fileRef = AFE891BC29323206001262A8 /* ChatsView.swift */; };
		AFE891BF29323259001262A8 /* CallsView.swift in Sources */ = {isa = PBXBuildFile; fileRef = AFE891BE29323259001262A8 /* CallsView.swift */; };
		AFE891C12932326C001262A8 /* StatusView.swift in Sources */ = {isa = PBXBuildFile; fileRef = AFE891C02932326C001262A8 /* StatusView.swift */; };
		AFE891C329323280001262A8 /* CommunitiesView.swift in Sources */ = {isa = PBXBuildFile; fileRef = AFE891C229323280001262A8 /* CommunitiesView.swift */; };
		AFE891C529323291001262A8 /* SettingsView.swift in Sources */ = {isa = PBXBuildFile; fileRef = AFE891C429323291001262A8 /* SettingsView.swift */; };
		AFE891C7293232B6001262A8 /* MainTabBarView.swift in Sources */ = {isa = PBXBuildFile; fileRef = AFE891C6293232B6001262A8 /* MainTabBarView.swift */; };
		AFE891CA293232EE001262A8 /* FirebaseAuth in Frameworks */ = {isa = PBXBuildFile; productRef = AFE891C9293232EE001262A8 /* FirebaseAuth */; };
		AFE891CC293232EE001262A8 /* FirebaseFirestore in Frameworks */ = {isa = PBXBuildFile; productRef = AFE891CB293232EE001262A8 /* FirebaseFirestore */; };
		AFE891CE293232EE001262A8 /* FirebaseMessaging in Frameworks */ = {isa = PBXBuildFile; productRef = AFE891CD293232EE001262A8 /* FirebaseMessaging */; };
		AFE891D0293232EE001262A8 /* FirebaseStorage in Frameworks */ = {isa = PBXBuildFile; productRef = AFE891CF293232EE001262A8 /* FirebaseStorage */; };
		AFE891D229323520001262A8 /* GoogleService-Info.plist in Resources */ = {isa = PBXBuildFile; fileRef = AFE891D129323520001262A8 /* GoogleService-Info.plist */; };
		AFE891D329323520001262A8 /* GoogleService-Info.plist in Resources */ = {isa = PBXBuildFile; fileRef = AFE891D129323520001262A8 /* GoogleService-Info.plist */; };
		AFE891D5293235CE001262A8 /* FirebaseFirestoreSwift in Frameworks */ = {isa = PBXBuildFile; productRef = AFE891D4293235CE001262A8 /* FirebaseFirestoreSwift */; };
		AFE891D7293235D4001262A8 /* FirebaseFirestoreSwift in Frameworks */ = {isa = PBXBuildFile; productRef = AFE891D6293235D4001262A8 /* FirebaseFirestoreSwift */; };
/* End PBXBuildFile section */

/* Begin PBXFileReference section */
		AF9C56782933691D004FF281 /* PositiveButtonModifier.swift */ = {isa = PBXFileReference; lastKnownFileType = sourcecode.swift; path = PositiveButtonModifier.swift; sourceTree = "<group>"; };
		AF9C567A29336B20004FF281 /* PositiveButtonStyle.swift */ = {isa = PBXFileReference; lastKnownFileType = sourcecode.swift; path = PositiveButtonStyle.swift; sourceTree = "<group>"; };
		AF9C567D29336B9F004FF281 /* View.swift */ = {isa = PBXFileReference; lastKnownFileType = sourcecode.swift; path = View.swift; sourceTree = "<group>"; };
		AF9C567F293372E2004FF281 /* TextFieldSingleLineView.swift */ = {isa = PBXFileReference; lastKnownFileType = sourcecode.swift; path = TextFieldSingleLineView.swift; sourceTree = "<group>"; };
		AF9C568529337B70004FF281 /* LoginView.swift */ = {isa = PBXFileReference; lastKnownFileType = sourcecode.swift; path = LoginView.swift; sourceTree = "<group>"; };
		AF9C568729337B84004FF281 /* RegisterView.swift */ = {isa = PBXFileReference; lastKnownFileType = sourcecode.swift; path = RegisterView.swift; sourceTree = "<group>"; };
		AF9C568B2933860D004FF281 /* ImagePicker.swift */ = {isa = PBXFileReference; lastKnownFileType = sourcecode.swift; path = ImagePicker.swift; sourceTree = "<group>"; };
		AF9C568E2933A8DD004FF281 /* SettingsModel.swift */ = {isa = PBXFileReference; lastKnownFileType = sourcecode.swift; path = SettingsModel.swift; sourceTree = "<group>"; };
		AFE8914A2932054D001262A8 /* ChatAppUIKit.app */ = {isa = PBXFileReference; explicitFileType = wrapper.application; includeInIndex = 0; path = ChatAppUIKit.app; sourceTree = BUILT_PRODUCTS_DIR; };
		AFE8914D2932054D001262A8 /* AppDelegate.swift */ = {isa = PBXFileReference; lastKnownFileType = sourcecode.swift; path = AppDelegate.swift; sourceTree = "<group>"; };
		AFE8914F2932054D001262A8 /* SceneDelegate.swift */ = {isa = PBXFileReference; lastKnownFileType = sourcecode.swift; path = SceneDelegate.swift; sourceTree = "<group>"; };
		AFE891562932054E001262A8 /* Assets.xcassets */ = {isa = PBXFileReference; lastKnownFileType = folder.assetcatalog; path = Assets.xcassets; sourceTree = "<group>"; };
		AFE891592932054E001262A8 /* Base */ = {isa = PBXFileReference; lastKnownFileType = file.storyboard; name = Base; path = Base.lproj/LaunchScreen.storyboard; sourceTree = "<group>"; };
		AFE8915B2932054E001262A8 /* Info.plist */ = {isa = PBXFileReference; lastKnownFileType = text.plist.xml; path = Info.plist; sourceTree = "<group>"; };
		AFE891632932057B001262A8 /* ChatAppSwiftUI.app */ = {isa = PBXFileReference; explicitFileType = wrapper.application; includeInIndex = 0; path = ChatAppSwiftUI.app; sourceTree = BUILT_PRODUCTS_DIR; };
		AFE891652932057B001262A8 /* ChatAppSwiftUIApp.swift */ = {isa = PBXFileReference; lastKnownFileType = sourcecode.swift; path = ChatAppSwiftUIApp.swift; sourceTree = "<group>"; };
		AFE8916C2932057B001262A8 /* Preview Assets.xcassets */ = {isa = PBXFileReference; lastKnownFileType = folder.assetcatalog; path = "Preview Assets.xcassets"; sourceTree = "<group>"; };
		AFE8918529320D63001262A8 /* Color+UIColor.swift */ = {isa = PBXFileReference; lastKnownFileType = sourcecode.swift; path = "Color+UIColor.swift"; sourceTree = "<group>"; };
		AFE8918829320D89001262A8 /* UIApplication.swift */ = {isa = PBXFileReference; lastKnownFileType = sourcecode.swift; path = UIApplication.swift; sourceTree = "<group>"; };
		AFE8918C2932101F001262A8 /* AuthService.swift */ = {isa = PBXFileReference; lastKnownFileType = sourcecode.swift; path = AuthService.swift; sourceTree = "<group>"; };
		AFE8919029321065001262A8 /* UserModel.swift */ = {isa = PBXFileReference; lastKnownFileType = sourcecode.swift; path = UserModel.swift; sourceTree = "<group>"; };
		AFE89193293210A5001262A8 /* AuthCredentials.swift */ = {isa = PBXFileReference; lastKnownFileType = sourcecode.swift; path = AuthCredentials.swift; sourceTree = "<group>"; };
		AFE89196293210E9001262A8 /* Constants.swift */ = {isa = PBXFileReference; lastKnownFileType = sourcecode.swift; path = Constants.swift; sourceTree = "<group>"; };
		AFE8919929321158001262A8 /* FirebaseFileType.swift */ = {isa = PBXFileReference; lastKnownFileType = sourcecode.swift; path = FirebaseFileType.swift; sourceTree = "<group>"; };
		AFE8919C293211E2001262A8 /* ImageUploadService.swift */ = {isa = PBXFileReference; lastKnownFileType = sourcecode.swift; path = ImageUploadService.swift; sourceTree = "<group>"; };
		AFE8919F293212C0001262A8 /* ImageDownloadService.swift */ = {isa = PBXFileReference; lastKnownFileType = sourcecode.swift; path = ImageDownloadService.swift; sourceTree = "<group>"; };
		AFE891A42932160A001262A8 /* MainTabbarController.swift */ = {isa = PBXFileReference; lastKnownFileType = sourcecode.swift; path = MainTabbarController.swift; sourceTree = "<group>"; };
		AFE891B229321AB3001262A8 /* ChatsVC.swift */ = {isa = PBXFileReference; lastKnownFileType = sourcecode.swift; path = ChatsVC.swift; sourceTree = "<group>"; };
		AFE891B429321B37001262A8 /* CallsVC.swift */ = {isa = PBXFileReference; lastKnownFileType = sourcecode.swift; path = CallsVC.swift; sourceTree = "<group>"; };
		AFE891B629321B6D001262A8 /* StatusVC.swift */ = {isa = PBXFileReference; lastKnownFileType = sourcecode.swift; path = StatusVC.swift; sourceTree = "<group>"; };
		AFE891B829321BA4001262A8 /* Communities.swift */ = {isa = PBXFileReference; lastKnownFileType = sourcecode.swift; path = Communities.swift; sourceTree = "<group>"; };
		AFE891BA29321BF4001262A8 /* Settings.swift */ = {isa = PBXFileReference; lastKnownFileType = sourcecode.swift; path = Settings.swift; sourceTree = "<group>"; };
		AFE891BC29323206001262A8 /* ChatsView.swift */ = {isa = PBXFileReference; lastKnownFileType = sourcecode.swift; path = ChatsView.swift; sourceTree = "<group>"; };
		AFE891BE29323259001262A8 /* CallsView.swift */ = {isa = PBXFileReference; lastKnownFileType = sourcecode.swift; path = CallsView.swift; sourceTree = "<group>"; };
		AFE891C02932326C001262A8 /* StatusView.swift */ = {isa = PBXFileReference; lastKnownFileType = sourcecode.swift; path = StatusView.swift; sourceTree = "<group>"; };
		AFE891C229323280001262A8 /* CommunitiesView.swift */ = {isa = PBXFileReference; lastKnownFileType = sourcecode.swift; path = CommunitiesView.swift; sourceTree = "<group>"; };
		AFE891C429323291001262A8 /* SettingsView.swift */ = {isa = PBXFileReference; lastKnownFileType = sourcecode.swift; path = SettingsView.swift; sourceTree = "<group>"; };
		AFE891C6293232B6001262A8 /* MainTabBarView.swift */ = {isa = PBXFileReference; lastKnownFileType = sourcecode.swift; path = MainTabBarView.swift; sourceTree = "<group>"; };
		AFE891D129323520001262A8 /* GoogleService-Info.plist */ = {isa = PBXFileReference; fileEncoding = 4; lastKnownFileType = text.plist.xml; path = "GoogleService-Info.plist"; sourceTree = "<group>"; };
/* End PBXFileReference section */

/* Begin PBXFrameworksBuildPhase section */
		AFE891472932054D001262A8 /* Frameworks */ = {
			isa = PBXFrameworksBuildPhase;
			buildActionMask = 2147483647;
			files = (
				AFE891D7293235D4001262A8 /* FirebaseFirestoreSwift in Frameworks */,
				AFE8918229320CA1001262A8 /* FirebaseMessaging in Frameworks */,
				AFE8918429320CA1001262A8 /* FirebaseStorage in Frameworks */,
				AFE8917E29320CA1001262A8 /* FirebaseAuth in Frameworks */,
				AFE8918029320CA1001262A8 /* FirebaseFirestore in Frameworks */,
			);
			runOnlyForDeploymentPostprocessing = 0;
		};
		AFE891602932057B001262A8 /* Frameworks */ = {
			isa = PBXFrameworksBuildPhase;
			buildActionMask = 2147483647;
			files = (
				AFE891D5293235CE001262A8 /* FirebaseFirestoreSwift in Frameworks */,
				AFE891CE293232EE001262A8 /* FirebaseMessaging in Frameworks */,
				AFE891D0293232EE001262A8 /* FirebaseStorage in Frameworks */,
				AFE891CA293232EE001262A8 /* FirebaseAuth in Frameworks */,
				AFE891CC293232EE001262A8 /* FirebaseFirestore in Frameworks */,
			);
			runOnlyForDeploymentPostprocessing = 0;
		};
/* End PBXFrameworksBuildPhase section */

/* Begin PBXGroup section */
		AF9C5676293367B7004FF281 /* Component */ = {
			isa = PBXGroup;
			children = (
				AF9C567729336904004FF281 /* Auth */,
			);
			path = Component;
			sourceTree = "<group>";
		};
		AF9C567729336904004FF281 /* Auth */ = {
			isa = PBXGroup;
			children = (
				AF9C56782933691D004FF281 /* PositiveButtonModifier.swift */,
				AF9C567A29336B20004FF281 /* PositiveButtonStyle.swift */,
				AF9C567F293372E2004FF281 /* TextFieldSingleLineView.swift */,
			);
			path = Auth;
			sourceTree = "<group>";
		};
		AF9C568129337B2E004FF281 /* Auth */ = {
			isa = PBXGroup;
			children = (
				AF9C568429337B61004FF281 /* ViewModel */,
				AF9C568329337B56004FF281 /* Views */,
			);
			path = Auth;
			sourceTree = "<group>";
		};
		AF9C568229337B48004FF281 /* Auth */ = {
			isa = PBXGroup;
			children = (
			);
			path = Auth;
			sourceTree = "<group>";
		};
		AF9C568329337B56004FF281 /* Views */ = {
			isa = PBXGroup;
			children = (
				AF9C568529337B70004FF281 /* LoginView.swift */,
				AF9C568729337B84004FF281 /* RegisterView.swift */,
			);
			path = Views;
			sourceTree = "<group>";
		};
		AF9C568429337B61004FF281 /* ViewModel */ = {
			isa = PBXGroup;
			children = (
			);
			path = ViewModel;
			sourceTree = "<group>";
		};
		AF9C5689293384C9004FF281 /* Extensions */ = {
			isa = PBXGroup;
			children = (
				AF9C567D29336B9F004FF281 /* View.swift */,
			);
			path = Extensions;
			sourceTree = "<group>";
		};
		AF9C568A293384DD004FF281 /* Extensions */ = {
			isa = PBXGroup;
			children = (
			);
			path = Extensions;
			sourceTree = "<group>";
		};
		AFE8913F2932053F001262A8 = {
			isa = PBXGroup;
			children = (
				AFE8917529320606001262A8 /* Shared */,
				AFE8914C2932054D001262A8 /* ChatAppUIKit */,
				AFE891642932057B001262A8 /* ChatAppSwiftUI */,
				AFE8914B2932054D001262A8 /* Products */,
				AFE891C8293232EE001262A8 /* Frameworks */,
			);
			sourceTree = "<group>";
		};
		AFE8914B2932054D001262A8 /* Products */ = {
			isa = PBXGroup;
			children = (
				AFE8914A2932054D001262A8 /* ChatAppUIKit.app */,
				AFE891632932057B001262A8 /* ChatAppSwiftUI.app */,
			);
			name = Products;
			sourceTree = "<group>";
		};
		AFE8914C2932054D001262A8 /* ChatAppUIKit */ = {
			isa = PBXGroup;
			children = (
				AF9C568A293384DD004FF281 /* Extensions */,
				AFE89174293205A1001262A8 /* Core */,
				AFE8917129320589001262A8 /* App */,
			);
			path = ChatAppUIKit;
			sourceTree = "<group>";
		};
		AFE891642932057B001262A8 /* ChatAppSwiftUI */ = {
			isa = PBXGroup;
			children = (
				AF9C5689293384C9004FF281 /* Extensions */,
				AFE891732932059C001262A8 /* Core */,
				AFE8917229320596001262A8 /* App */,
				AFE8916B2932057B001262A8 /* Preview Content */,
			);
			path = ChatAppSwiftUI;
			sourceTree = "<group>";
		};
		AFE8916B2932057B001262A8 /* Preview Content */ = {
			isa = PBXGroup;
			children = (
				AFE8916C2932057B001262A8 /* Preview Assets.xcassets */,
			);
			path = "Preview Content";
			sourceTree = "<group>";
		};
		AFE8917129320589001262A8 /* App */ = {
			isa = PBXGroup;
			children = (
				AFE891582932054E001262A8 /* LaunchScreen.storyboard */,
				AFE8915B2932054E001262A8 /* Info.plist */,
				AFE8914D2932054D001262A8 /* AppDelegate.swift */,
				AFE8914F2932054D001262A8 /* SceneDelegate.swift */,
			);
			path = App;
			sourceTree = "<group>";
		};
		AFE8917229320596001262A8 /* App */ = {
			isa = PBXGroup;
			children = (
				AFE891652932057B001262A8 /* ChatAppSwiftUIApp.swift */,
			);
			path = App;
			sourceTree = "<group>";
		};
		AFE891732932059C001262A8 /* Core */ = {
			isa = PBXGroup;
			children = (
				AF9C5676293367B7004FF281 /* Component */,
				AFE891A729321632001262A8 /* MainTabBar */,
				AFE891B029321A22001262A8 /* Chats */,
				AFE891B129321A23001262A8 /* Calls */,
				AFE891AF29321A21001262A8 /* Status */,
				AFE891AE29321A20001262A8 /* Communities */,
				AFE891AD29321A1F001262A8 /* Settings */,
				AF9C568129337B2E004FF281 /* Auth */,
			);
			path = Core;
			sourceTree = "<group>";
		};
		AFE89174293205A1001262A8 /* Core */ = {
			isa = PBXGroup;
			children = (
				AFE891A629321617001262A8 /* MainTabBar */,
				AFE891AB293218FD001262A8 /* Chats */,
				AFE891AC29321933001262A8 /* Calls */,
				AFE891AA293218FB001262A8 /* Status */,
				AFE891A9293218FA001262A8 /* Communities */,
				AFE891A8293218F8001262A8 /* Settings */,
				AF9C568229337B48004FF281 /* Auth */,
			);
			path = Core;
			sourceTree = "<group>";
		};
		AFE8917529320606001262A8 /* Shared */ = {
			isa = PBXGroup;
			children = (
				AFE8918B29320FF1001262A8 /* Services */,
				AFE8917729320635001262A8 /* Model */,
				AFE8917929320648001262A8 /* Utils */,
				AFE8917829320639001262A8 /* Extensions */,
				AFE891762932060D001262A8 /* Resources */,
			);
			path = Shared;
			sourceTree = "<group>";
		};
		AFE891762932060D001262A8 /* Resources */ = {
			isa = PBXGroup;
			children = (
				AFE891D129323520001262A8 /* GoogleService-Info.plist */,
				AFE891562932054E001262A8 /* Assets.xcassets */,
			);
			path = Resources;
			sourceTree = "<group>";
		};
		AFE8917729320635001262A8 /* Model */ = {
			isa = PBXGroup;
			children = (
				AFE8918F29321052001262A8 /* User */,
				AFE8919929321158001262A8 /* FirebaseFileType.swift */,
				AF9C568E2933A8DD004FF281 /* SettingsModel.swift */,
			);
			path = Model;
			sourceTree = "<group>";
		};
		AFE8917829320639001262A8 /* Extensions */ = {
			isa = PBXGroup;
			children = (
				AFE8918529320D63001262A8 /* Color+UIColor.swift */,
				AFE8918829320D89001262A8 /* UIApplication.swift */,
			);
			path = Extensions;
			sourceTree = "<group>";
		};
		AFE8917929320648001262A8 /* Utils */ = {
			isa = PBXGroup;
			children = (
				AFE89196293210E9001262A8 /* Constants.swift */,
				AF9C568B2933860D004FF281 /* ImagePicker.swift */,
			);
			path = Utils;
			sourceTree = "<group>";
		};
		AFE8918B29320FF1001262A8 /* Services */ = {
			isa = PBXGroup;
			children = (
				AFE891A329321373001262A8 /* User */,
				AFE891A229321366001262A8 /* Image */,
			);
			path = Services;
			sourceTree = "<group>";
		};
		AFE8918F29321052001262A8 /* User */ = {
			isa = PBXGroup;
			children = (
				AFE8919029321065001262A8 /* UserModel.swift */,
				AFE89193293210A5001262A8 /* AuthCredentials.swift */,
			);
			path = User;
			sourceTree = "<group>";
		};
		AFE891A229321366001262A8 /* Image */ = {
			isa = PBXGroup;
			children = (
				AFE8919C293211E2001262A8 /* ImageUploadService.swift */,
				AFE8919F293212C0001262A8 /* ImageDownloadService.swift */,
			);
			path = Image;
			sourceTree = "<group>";
		};
		AFE891A329321373001262A8 /* User */ = {
			isa = PBXGroup;
			children = (
				AFE8918C2932101F001262A8 /* AuthService.swift */,
			);
			path = User;
			sourceTree = "<group>";
		};
		AFE891A629321617001262A8 /* MainTabBar */ = {
			isa = PBXGroup;
			children = (
				AFE891A42932160A001262A8 /* MainTabbarController.swift */,
			);
			path = MainTabBar;
			sourceTree = "<group>";
		};
		AFE891A729321632001262A8 /* MainTabBar */ = {
			isa = PBXGroup;
			children = (
				AFE891C6293232B6001262A8 /* MainTabBarView.swift */,
			);
			path = MainTabBar;
			sourceTree = "<group>";
		};
		AFE891A8293218F8001262A8 /* Settings */ = {
			isa = PBXGroup;
			children = (
				AFE891BA29321BF4001262A8 /* Settings.swift */,
			);
			path = Settings;
			sourceTree = "<group>";
		};
		AFE891A9293218FA001262A8 /* Communities */ = {
			isa = PBXGroup;
			children = (
				AFE891B829321BA4001262A8 /* Communities.swift */,
			);
			path = Communities;
			sourceTree = "<group>";
		};
		AFE891AA293218FB001262A8 /* Status */ = {
			isa = PBXGroup;
			children = (
				AFE891B629321B6D001262A8 /* StatusVC.swift */,
			);
			path = Status;
			sourceTree = "<group>";
		};
		AFE891AB293218FD001262A8 /* Chats */ = {
			isa = PBXGroup;
			children = (
				AFE891B229321AB3001262A8 /* ChatsVC.swift */,
			);
			path = Chats;
			sourceTree = "<group>";
		};
		AFE891AC29321933001262A8 /* Calls */ = {
			isa = PBXGroup;
			children = (
				AFE891B429321B37001262A8 /* CallsVC.swift */,
			);
			path = Calls;
			sourceTree = "<group>";
		};
		AFE891AD29321A1F001262A8 /* Settings */ = {
			isa = PBXGroup;
			children = (
				AFE891C429323291001262A8 /* SettingsView.swift */,
			);
			path = Settings;
			sourceTree = "<group>";
		};
		AFE891AE29321A20001262A8 /* Communities */ = {
			isa = PBXGroup;
			children = (
				AFE891C229323280001262A8 /* CommunitiesView.swift */,
			);
			path = Communities;
			sourceTree = "<group>";
		};
		AFE891AF29321A21001262A8 /* Status */ = {
			isa = PBXGroup;
			children = (
				AFE891C02932326C001262A8 /* StatusView.swift */,
			);
			path = Status;
			sourceTree = "<group>";
		};
		AFE891B029321A22001262A8 /* Chats */ = {
			isa = PBXGroup;
			children = (
				AFE891BC29323206001262A8 /* ChatsView.swift */,
			);
			path = Chats;
			sourceTree = "<group>";
		};
		AFE891B129321A23001262A8 /* Calls */ = {
			isa = PBXGroup;
			children = (
				AFE891BE29323259001262A8 /* CallsView.swift */,
			);
			path = Calls;
			sourceTree = "<group>";
		};
		AFE891C8293232EE001262A8 /* Frameworks */ = {
			isa = PBXGroup;
			children = (
			);
			name = Frameworks;
			sourceTree = "<group>";
		};
/* End PBXGroup section */

/* Begin PBXNativeTarget section */
		AFE891492932054D001262A8 /* ChatAppUIKit */ = {
			isa = PBXNativeTarget;
			buildConfigurationList = AFE8915C2932054E001262A8 /* Build configuration list for PBXNativeTarget "ChatAppUIKit" */;
			buildPhases = (
				AFE891462932054D001262A8 /* Sources */,
				AFE891472932054D001262A8 /* Frameworks */,
				AFE891482932054D001262A8 /* Resources */,
			);
			buildRules = (
			);
			dependencies = (
			);
			name = ChatAppUIKit;
			packageProductDependencies = (
				AFE8917D29320CA1001262A8 /* FirebaseAuth */,
				AFE8917F29320CA1001262A8 /* FirebaseFirestore */,
				AFE8918129320CA1001262A8 /* FirebaseMessaging */,
				AFE8918329320CA1001262A8 /* FirebaseStorage */,
				AFE891D6293235D4001262A8 /* FirebaseFirestoreSwift */,
			);
			productName = ChatAppUIKit;
			productReference = AFE8914A2932054D001262A8 /* ChatAppUIKit.app */;
			productType = "com.apple.product-type.application";
		};
		AFE891622932057B001262A8 /* ChatAppSwiftUI */ = {
			isa = PBXNativeTarget;
			buildConfigurationList = AFE8916E2932057B001262A8 /* Build configuration list for PBXNativeTarget "ChatAppSwiftUI" */;
			buildPhases = (
				AFE8915F2932057B001262A8 /* Sources */,
				AFE891602932057B001262A8 /* Frameworks */,
				AFE891612932057B001262A8 /* Resources */,
			);
			buildRules = (
			);
			dependencies = (
			);
			name = ChatAppSwiftUI;
			packageProductDependencies = (
				AFE891C9293232EE001262A8 /* FirebaseAuth */,
				AFE891CB293232EE001262A8 /* FirebaseFirestore */,
				AFE891CD293232EE001262A8 /* FirebaseMessaging */,
				AFE891CF293232EE001262A8 /* FirebaseStorage */,
				AFE891D4293235CE001262A8 /* FirebaseFirestoreSwift */,
			);
			productName = ChatAppSwiftUI;
			productReference = AFE891632932057B001262A8 /* ChatAppSwiftUI.app */;
			productType = "com.apple.product-type.application";
		};
/* End PBXNativeTarget section */

/* Begin PBXProject section */
		AFE891402932053F001262A8 /* Project object */ = {
			isa = PBXProject;
			attributes = {
				BuildIndependentTargetsInParallel = 1;
				LastSwiftUpdateCheck = 1410;
				LastUpgradeCheck = 1410;
				TargetAttributes = {
					AFE891492932054D001262A8 = {
						CreatedOnToolsVersion = 14.1;
					};
					AFE891622932057B001262A8 = {
						CreatedOnToolsVersion = 14.1;
					};
				};
			};
			buildConfigurationList = AFE891432932053F001262A8 /* Build configuration list for PBXProject "ChatApp-SwiftUI-UIKit" */;
			compatibilityVersion = "Xcode 14.0";
			developmentRegion = en;
			hasScannedForEncodings = 0;
			knownRegions = (
				en,
				Base,
			);
			mainGroup = AFE8913F2932053F001262A8;
			packageReferences = (
				AFE8917C29320CA1001262A8 /* XCRemoteSwiftPackageReference "firebase-ios-sdk" */,
			);
			productRefGroup = AFE8914B2932054D001262A8 /* Products */;
			projectDirPath = "";
			projectRoot = "";
			targets = (
				AFE891492932054D001262A8 /* ChatAppUIKit */,
				AFE891622932057B001262A8 /* ChatAppSwiftUI */,
			);
		};
/* End PBXProject section */

/* Begin PBXResourcesBuildPhase section */
		AFE891482932054D001262A8 /* Resources */ = {
			isa = PBXResourcesBuildPhase;
			buildActionMask = 2147483647;
			files = (
				AFE8915A2932054E001262A8 /* LaunchScreen.storyboard in Resources */,
				AFE891572932054E001262A8 /* Assets.xcassets in Resources */,
				AFE891D229323520001262A8 /* GoogleService-Info.plist in Resources */,
			);
			runOnlyForDeploymentPostprocessing = 0;
		};
		AFE891612932057B001262A8 /* Resources */ = {
			isa = PBXResourcesBuildPhase;
			buildActionMask = 2147483647;
			files = (
				AFE8917B29320A00001262A8 /* Assets.xcassets in Resources */,
				AFE8916D2932057B001262A8 /* Preview Assets.xcassets in Resources */,
				AFE891D329323520001262A8 /* GoogleService-Info.plist in Resources */,
			);
			runOnlyForDeploymentPostprocessing = 0;
		};
/* End PBXResourcesBuildPhase section */

/* Begin PBXSourcesBuildPhase section */
		AFE891462932054D001262A8 /* Sources */ = {
			isa = PBXSourcesBuildPhase;
			buildActionMask = 2147483647;
			files = (
				AFE8918929320D89001262A8 /* UIApplication.swift in Sources */,
				AF9C568F2933A8DD004FF281 /* SettingsModel.swift in Sources */,
				AFE8914E2932054D001262A8 /* AppDelegate.swift in Sources */,
				AFE891A52932160A001262A8 /* MainTabbarController.swift in Sources */,
				AF9C568C2933860D004FF281 /* ImagePicker.swift in Sources */,
				AFE891BB29321BF4001262A8 /* Settings.swift in Sources */,
				AFE89194293210A5001262A8 /* AuthCredentials.swift in Sources */,
				AFE891B329321AB3001262A8 /* ChatsVC.swift in Sources */,
				AFE8918D2932101F001262A8 /* AuthService.swift in Sources */,
				AFE891B529321B37001262A8 /* CallsVC.swift in Sources */,
				AFE891B729321B6D001262A8 /* StatusVC.swift in Sources */,
				AFE8919A29321158001262A8 /* FirebaseFileType.swift in Sources */,
				AFE891B929321BA4001262A8 /* Communities.swift in Sources */,
				AFE891502932054D001262A8 /* SceneDelegate.swift in Sources */,
				AFE8919129321065001262A8 /* UserModel.swift in Sources */,
				AFE8918629320D63001262A8 /* Color+UIColor.swift in Sources */,
				AFE891A0293212C0001262A8 /* ImageDownloadService.swift in Sources */,
				AFE8919D293211E2001262A8 /* ImageUploadService.swift in Sources */,
				AFE89197293210E9001262A8 /* Constants.swift in Sources */,
			);
			runOnlyForDeploymentPostprocessing = 0;
		};
		AFE8915F2932057B001262A8 /* Sources */ = {
			isa = PBXSourcesBuildPhase;
			buildActionMask = 2147483647;
			files = (
				AF9C56902933A8DD004FF281 /* SettingsModel.swift in Sources */,
				AFE891C529323291001262A8 /* SettingsView.swift in Sources */,
				AFE8918A29320DA1001262A8 /* UIApplication.swift in Sources */,
				AF9C56792933691D004FF281 /* PositiveButtonModifier.swift in Sources */,
				AFE891C12932326C001262A8 /* StatusView.swift in Sources */,
				AF9C567B29336B20004FF281 /* PositiveButtonStyle.swift in Sources */,
				AFE891BD29323206001262A8 /* ChatsView.swift in Sources */,
				AF9C5680293372E2004FF281 /* TextFieldSingleLineView.swift in Sources */,
				AF9C567E29336B9F004FF281 /* View.swift in Sources */,
				AFE891662932057B001262A8 /* ChatAppSwiftUIApp.swift in Sources */,
				AFE8918729320D67001262A8 /* Color+UIColor.swift in Sources */,
				AFE891BF29323259001262A8 /* CallsView.swift in Sources */,
				AF9C568829337B84004FF281 /* RegisterView.swift in Sources */,
				AFE8919229321065001262A8 /* UserModel.swift in Sources */,
				AF9C568D2933860D004FF281 /* ImagePicker.swift in Sources */,
				AFE8919B29321158001262A8 /* FirebaseFileType.swift in Sources */,
				AFE89198293210E9001262A8 /* Constants.swift in Sources */,
				AFE89195293210A5001262A8 /* AuthCredentials.swift in Sources */,
				AF9C568629337B70004FF281 /* LoginView.swift in Sources */,
				AFE891C7293232B6001262A8 /* MainTabBarView.swift in Sources */,
				AFE891C329323280001262A8 /* CommunitiesView.swift in Sources */,
				AFE891A1293212C0001262A8 /* ImageDownloadService.swift in Sources */,
				AFE8918E2932101F001262A8 /* AuthService.swift in Sources */,
				AFE8919E293211E2001262A8 /* ImageUploadService.swift in Sources */,
			);
			runOnlyForDeploymentPostprocessing = 0;
		};
/* End PBXSourcesBuildPhase section */

/* Begin PBXVariantGroup section */
		AFE891582932054E001262A8 /* LaunchScreen.storyboard */ = {
			isa = PBXVariantGroup;
			children = (
				AFE891592932054E001262A8 /* Base */,
			);
			name = LaunchScreen.storyboard;
			sourceTree = "<group>";
		};
/* End PBXVariantGroup section */

/* Begin XCBuildConfiguration section */
		AFE891442932053F001262A8 /* Debug */ = {
			isa = XCBuildConfiguration;
			buildSettings = {
			};
			name = Debug;
		};
		AFE891452932053F001262A8 /* Release */ = {
			isa = XCBuildConfiguration;
			buildSettings = {
			};
			name = Release;
		};
		AFE8915D2932054E001262A8 /* Debug */ = {
			isa = XCBuildConfiguration;
			buildSettings = {
				ALWAYS_SEARCH_USER_PATHS = NO;
				ASSETCATALOG_COMPILER_APPICON_NAME = AppIcon;
				ASSETCATALOG_COMPILER_GLOBAL_ACCENT_COLOR_NAME = AccentColor;
				CLANG_ANALYZER_NONNULL = YES;
				CLANG_ANALYZER_NUMBER_OBJECT_CONVERSION = YES_AGGRESSIVE;
				CLANG_CXX_LANGUAGE_STANDARD = "gnu++20";
				CLANG_ENABLE_MODULES = YES;
				CLANG_ENABLE_OBJC_ARC = YES;
				CLANG_ENABLE_OBJC_WEAK = YES;
				CLANG_WARN_BLOCK_CAPTURE_AUTORELEASING = YES;
				CLANG_WARN_BOOL_CONVERSION = YES;
				CLANG_WARN_COMMA = YES;
				CLANG_WARN_CONSTANT_CONVERSION = YES;
				CLANG_WARN_DEPRECATED_OBJC_IMPLEMENTATIONS = YES;
				CLANG_WARN_DIRECT_OBJC_ISA_USAGE = YES_ERROR;
				CLANG_WARN_DOCUMENTATION_COMMENTS = YES;
				CLANG_WARN_EMPTY_BODY = YES;
				CLANG_WARN_ENUM_CONVERSION = YES;
				CLANG_WARN_INFINITE_RECURSION = YES;
				CLANG_WARN_INT_CONVERSION = YES;
				CLANG_WARN_NON_LITERAL_NULL_CONVERSION = YES;
				CLANG_WARN_OBJC_IMPLICIT_RETAIN_SELF = YES;
				CLANG_WARN_OBJC_LITERAL_CONVERSION = YES;
				CLANG_WARN_OBJC_ROOT_CLASS = YES_ERROR;
				CLANG_WARN_QUOTED_INCLUDE_IN_FRAMEWORK_HEADER = YES;
				CLANG_WARN_RANGE_LOOP_ANALYSIS = YES;
				CLANG_WARN_STRICT_PROTOTYPES = YES;
				CLANG_WARN_SUSPICIOUS_MOVE = YES;
				CLANG_WARN_UNGUARDED_AVAILABILITY = YES_AGGRESSIVE;
				CLANG_WARN_UNREACHABLE_CODE = YES;
				CLANG_WARN__DUPLICATE_METHOD_MATCH = YES;
				CODE_SIGN_STYLE = Automatic;
				COPY_PHASE_STRIP = NO;
				CURRENT_PROJECT_VERSION = 1;
				DEBUG_INFORMATION_FORMAT = dwarf;
				DEVELOPMENT_TEAM = SHP38F3EM7;
				ENABLE_STRICT_OBJC_MSGSEND = YES;
				ENABLE_TESTABILITY = YES;
				GCC_C_LANGUAGE_STANDARD = gnu11;
				GCC_DYNAMIC_NO_PIC = NO;
				GCC_NO_COMMON_BLOCKS = YES;
				GCC_OPTIMIZATION_LEVEL = 0;
				GCC_PREPROCESSOR_DEFINITIONS = (
					"DEBUG=1",
					"$(inherited)",
				);
				GCC_WARN_64_TO_32_BIT_CONVERSION = YES;
				GCC_WARN_ABOUT_RETURN_TYPE = YES_ERROR;
				GCC_WARN_UNDECLARED_SELECTOR = YES;
				GCC_WARN_UNINITIALIZED_AUTOS = YES_AGGRESSIVE;
				GCC_WARN_UNUSED_FUNCTION = YES;
				GCC_WARN_UNUSED_VARIABLE = YES;
				GENERATE_INFOPLIST_FILE = YES;
				INFOPLIST_FILE = ChatAppUIKit/Info.plist;
				INFOPLIST_KEY_UIApplicationSupportsIndirectInputEvents = YES;
				INFOPLIST_KEY_UILaunchStoryboardName = LaunchScreen.storyboard;
				INFOPLIST_KEY_UIMainStoryboardFile = "";
				INFOPLIST_KEY_UISupportedInterfaceOrientations = UIInterfaceOrientationPortrait;
				INFOPLIST_KEY_UISupportedInterfaceOrientations_iPad = "UIInterfaceOrientationLandscapeLeft UIInterfaceOrientationPortrait";
				IPHONEOS_DEPLOYMENT_TARGET = 16.1;
				LD_RUNPATH_SEARCH_PATHS = (
					"$(inherited)",
					"@executable_path/Frameworks",
				);
				MARKETING_VERSION = 1.0;
				MTL_ENABLE_DEBUG_INFO = INCLUDE_SOURCE;
				MTL_FAST_MATH = YES;
				ONLY_ACTIVE_ARCH = YES;
				PRODUCT_BUNDLE_IDENTIFIER = barisozgen.ChatAppUIKit;
				PRODUCT_NAME = "$(TARGET_NAME)";
				SDKROOT = iphoneos;
				SWIFT_ACTIVE_COMPILATION_CONDITIONS = DEBUG;
				SWIFT_EMIT_LOC_STRINGS = YES;
				SWIFT_OPTIMIZATION_LEVEL = "-Onone";
				SWIFT_VERSION = 5.0;
				TARGETED_DEVICE_FAMILY = "1,2";
			};
			name = Debug;
		};
		AFE8915E2932054E001262A8 /* Release */ = {
			isa = XCBuildConfiguration;
			buildSettings = {
				ALWAYS_SEARCH_USER_PATHS = NO;
				ASSETCATALOG_COMPILER_APPICON_NAME = AppIcon;
				ASSETCATALOG_COMPILER_GLOBAL_ACCENT_COLOR_NAME = AccentColor;
				CLANG_ANALYZER_NONNULL = YES;
				CLANG_ANALYZER_NUMBER_OBJECT_CONVERSION = YES_AGGRESSIVE;
				CLANG_CXX_LANGUAGE_STANDARD = "gnu++20";
				CLANG_ENABLE_MODULES = YES;
				CLANG_ENABLE_OBJC_ARC = YES;
				CLANG_ENABLE_OBJC_WEAK = YES;
				CLANG_WARN_BLOCK_CAPTURE_AUTORELEASING = YES;
				CLANG_WARN_BOOL_CONVERSION = YES;
				CLANG_WARN_COMMA = YES;
				CLANG_WARN_CONSTANT_CONVERSION = YES;
				CLANG_WARN_DEPRECATED_OBJC_IMPLEMENTATIONS = YES;
				CLANG_WARN_DIRECT_OBJC_ISA_USAGE = YES_ERROR;
				CLANG_WARN_DOCUMENTATION_COMMENTS = YES;
				CLANG_WARN_EMPTY_BODY = YES;
				CLANG_WARN_ENUM_CONVERSION = YES;
				CLANG_WARN_INFINITE_RECURSION = YES;
				CLANG_WARN_INT_CONVERSION = YES;
				CLANG_WARN_NON_LITERAL_NULL_CONVERSION = YES;
				CLANG_WARN_OBJC_IMPLICIT_RETAIN_SELF = YES;
				CLANG_WARN_OBJC_LITERAL_CONVERSION = YES;
				CLANG_WARN_OBJC_ROOT_CLASS = YES_ERROR;
				CLANG_WARN_QUOTED_INCLUDE_IN_FRAMEWORK_HEADER = YES;
				CLANG_WARN_RANGE_LOOP_ANALYSIS = YES;
				CLANG_WARN_STRICT_PROTOTYPES = YES;
				CLANG_WARN_SUSPICIOUS_MOVE = YES;
				CLANG_WARN_UNGUARDED_AVAILABILITY = YES_AGGRESSIVE;
				CLANG_WARN_UNREACHABLE_CODE = YES;
				CLANG_WARN__DUPLICATE_METHOD_MATCH = YES;
				CODE_SIGN_STYLE = Automatic;
				COPY_PHASE_STRIP = NO;
				CURRENT_PROJECT_VERSION = 1;
				DEBUG_INFORMATION_FORMAT = "dwarf-with-dsym";
				DEVELOPMENT_TEAM = SHP38F3EM7;
				ENABLE_NS_ASSERTIONS = NO;
				ENABLE_STRICT_OBJC_MSGSEND = YES;
				GCC_C_LANGUAGE_STANDARD = gnu11;
				GCC_NO_COMMON_BLOCKS = YES;
				GCC_WARN_64_TO_32_BIT_CONVERSION = YES;
				GCC_WARN_ABOUT_RETURN_TYPE = YES_ERROR;
				GCC_WARN_UNDECLARED_SELECTOR = YES;
				GCC_WARN_UNINITIALIZED_AUTOS = YES_AGGRESSIVE;
				GCC_WARN_UNUSED_FUNCTION = YES;
				GCC_WARN_UNUSED_VARIABLE = YES;
				GENERATE_INFOPLIST_FILE = YES;
				INFOPLIST_FILE = ChatAppUIKit/Info.plist;
				INFOPLIST_KEY_UIApplicationSupportsIndirectInputEvents = YES;
				INFOPLIST_KEY_UILaunchStoryboardName = LaunchScreen.storyboard;
				INFOPLIST_KEY_UIMainStoryboardFile = "";
				INFOPLIST_KEY_UISupportedInterfaceOrientations = UIInterfaceOrientationPortrait;
				INFOPLIST_KEY_UISupportedInterfaceOrientations_iPad = "UIInterfaceOrientationLandscapeLeft UIInterfaceOrientationPortrait";
				IPHONEOS_DEPLOYMENT_TARGET = 16.1;
				LD_RUNPATH_SEARCH_PATHS = (
					"$(inherited)",
					"@executable_path/Frameworks",
				);
				MARKETING_VERSION = 1.0;
				MTL_ENABLE_DEBUG_INFO = NO;
				MTL_FAST_MATH = YES;
				PRODUCT_BUNDLE_IDENTIFIER = barisozgen.ChatAppUIKit;
				PRODUCT_NAME = "$(TARGET_NAME)";
				SDKROOT = iphoneos;
				SWIFT_COMPILATION_MODE = wholemodule;
				SWIFT_EMIT_LOC_STRINGS = YES;
				SWIFT_OPTIMIZATION_LEVEL = "-O";
				SWIFT_VERSION = 5.0;
				TARGETED_DEVICE_FAMILY = "1,2";
				VALIDATE_PRODUCT = YES;
			};
			name = Release;
		};
		AFE8916F2932057B001262A8 /* Debug */ = {
			isa = XCBuildConfiguration;
			buildSettings = {
				ALWAYS_SEARCH_USER_PATHS = NO;
				ASSETCATALOG_COMPILER_APPICON_NAME = AppIcon;
				ASSETCATALOG_COMPILER_GLOBAL_ACCENT_COLOR_NAME = AccentColor;
				CLANG_ANALYZER_NONNULL = YES;
				CLANG_ANALYZER_NUMBER_OBJECT_CONVERSION = YES_AGGRESSIVE;
				CLANG_CXX_LANGUAGE_STANDARD = "gnu++20";
				CLANG_ENABLE_MODULES = YES;
				CLANG_ENABLE_OBJC_ARC = YES;
				CLANG_ENABLE_OBJC_WEAK = YES;
				CLANG_WARN_BLOCK_CAPTURE_AUTORELEASING = YES;
				CLANG_WARN_BOOL_CONVERSION = YES;
				CLANG_WARN_COMMA = YES;
				CLANG_WARN_CONSTANT_CONVERSION = YES;
				CLANG_WARN_DEPRECATED_OBJC_IMPLEMENTATIONS = YES;
				CLANG_WARN_DIRECT_OBJC_ISA_USAGE = YES_ERROR;
				CLANG_WARN_DOCUMENTATION_COMMENTS = YES;
				CLANG_WARN_EMPTY_BODY = YES;
				CLANG_WARN_ENUM_CONVERSION = YES;
				CLANG_WARN_INFINITE_RECURSION = YES;
				CLANG_WARN_INT_CONVERSION = YES;
				CLANG_WARN_NON_LITERAL_NULL_CONVERSION = YES;
				CLANG_WARN_OBJC_IMPLICIT_RETAIN_SELF = YES;
				CLANG_WARN_OBJC_LITERAL_CONVERSION = YES;
				CLANG_WARN_OBJC_ROOT_CLASS = YES_ERROR;
				CLANG_WARN_QUOTED_INCLUDE_IN_FRAMEWORK_HEADER = YES;
				CLANG_WARN_RANGE_LOOP_ANALYSIS = YES;
				CLANG_WARN_STRICT_PROTOTYPES = YES;
				CLANG_WARN_SUSPICIOUS_MOVE = YES;
				CLANG_WARN_UNGUARDED_AVAILABILITY = YES_AGGRESSIVE;
				CLANG_WARN_UNREACHABLE_CODE = YES;
				CLANG_WARN__DUPLICATE_METHOD_MATCH = YES;
				CODE_SIGN_STYLE = Automatic;
				COPY_PHASE_STRIP = NO;
				CURRENT_PROJECT_VERSION = 1;
				DEBUG_INFORMATION_FORMAT = dwarf;
				DEVELOPMENT_ASSET_PATHS = "\"ChatAppSwiftUI/Preview Content\"";
				DEVELOPMENT_TEAM = SHP38F3EM7;
				ENABLE_PREVIEWS = YES;
				ENABLE_STRICT_OBJC_MSGSEND = YES;
				ENABLE_TESTABILITY = YES;
				GCC_C_LANGUAGE_STANDARD = gnu11;
				GCC_DYNAMIC_NO_PIC = NO;
				GCC_NO_COMMON_BLOCKS = YES;
				GCC_OPTIMIZATION_LEVEL = 0;
				GCC_PREPROCESSOR_DEFINITIONS = (
					"DEBUG=1",
					"$(inherited)",
				);
				GCC_WARN_64_TO_32_BIT_CONVERSION = YES;
				GCC_WARN_ABOUT_RETURN_TYPE = YES_ERROR;
				GCC_WARN_UNDECLARED_SELECTOR = YES;
				GCC_WARN_UNINITIALIZED_AUTOS = YES_AGGRESSIVE;
				GCC_WARN_UNUSED_FUNCTION = YES;
				GCC_WARN_UNUSED_VARIABLE = YES;
				GENERATE_INFOPLIST_FILE = YES;
				INFOPLIST_KEY_UIApplicationSceneManifest_Generation = YES;
				INFOPLIST_KEY_UIApplicationSupportsIndirectInputEvents = YES;
				INFOPLIST_KEY_UILaunchScreen_Generation = YES;
				INFOPLIST_KEY_UISupportedInterfaceOrientations = UIInterfaceOrientationPortrait;
				INFOPLIST_KEY_UISupportedInterfaceOrientations_iPad = "UIInterfaceOrientationLandscapeLeft UIInterfaceOrientationPortrait";
				IPHONEOS_DEPLOYMENT_TARGET = 16.1;
				LD_RUNPATH_SEARCH_PATHS = (
					"$(inherited)",
					"@executable_path/Frameworks",
				);
				MARKETING_VERSION = 1.0;
				MTL_ENABLE_DEBUG_INFO = INCLUDE_SOURCE;
				MTL_FAST_MATH = YES;
				ONLY_ACTIVE_ARCH = YES;
				PRODUCT_BUNDLE_IDENTIFIER = barisozgen.ChatAppSwiftUI;
				PRODUCT_NAME = "$(TARGET_NAME)";
				SDKROOT = iphoneos;
				SWIFT_ACTIVE_COMPILATION_CONDITIONS = DEBUG;
				SWIFT_EMIT_LOC_STRINGS = YES;
				SWIFT_OPTIMIZATION_LEVEL = "-Onone";
				SWIFT_VERSION = 5.0;
				TARGETED_DEVICE_FAMILY = "1,2";
			};
			name = Debug;
		};
		AFE891702932057B001262A8 /* Release */ = {
			isa = XCBuildConfiguration;
			buildSettings = {
				ALWAYS_SEARCH_USER_PATHS = NO;
				ASSETCATALOG_COMPILER_APPICON_NAME = AppIcon;
				ASSETCATALOG_COMPILER_GLOBAL_ACCENT_COLOR_NAME = AccentColor;
				CLANG_ANALYZER_NONNULL = YES;
				CLANG_ANALYZER_NUMBER_OBJECT_CONVERSION = YES_AGGRESSIVE;
				CLANG_CXX_LANGUAGE_STANDARD = "gnu++20";
				CLANG_ENABLE_MODULES = YES;
				CLANG_ENABLE_OBJC_ARC = YES;
				CLANG_ENABLE_OBJC_WEAK = YES;
				CLANG_WARN_BLOCK_CAPTURE_AUTORELEASING = YES;
				CLANG_WARN_BOOL_CONVERSION = YES;
				CLANG_WARN_COMMA = YES;
				CLANG_WARN_CONSTANT_CONVERSION = YES;
				CLANG_WARN_DEPRECATED_OBJC_IMPLEMENTATIONS = YES;
				CLANG_WARN_DIRECT_OBJC_ISA_USAGE = YES_ERROR;
				CLANG_WARN_DOCUMENTATION_COMMENTS = YES;
				CLANG_WARN_EMPTY_BODY = YES;
				CLANG_WARN_ENUM_CONVERSION = YES;
				CLANG_WARN_INFINITE_RECURSION = YES;
				CLANG_WARN_INT_CONVERSION = YES;
				CLANG_WARN_NON_LITERAL_NULL_CONVERSION = YES;
				CLANG_WARN_OBJC_IMPLICIT_RETAIN_SELF = YES;
				CLANG_WARN_OBJC_LITERAL_CONVERSION = YES;
				CLANG_WARN_OBJC_ROOT_CLASS = YES_ERROR;
				CLANG_WARN_QUOTED_INCLUDE_IN_FRAMEWORK_HEADER = YES;
				CLANG_WARN_RANGE_LOOP_ANALYSIS = YES;
				CLANG_WARN_STRICT_PROTOTYPES = YES;
				CLANG_WARN_SUSPICIOUS_MOVE = YES;
				CLANG_WARN_UNGUARDED_AVAILABILITY = YES_AGGRESSIVE;
				CLANG_WARN_UNREACHABLE_CODE = YES;
				CLANG_WARN__DUPLICATE_METHOD_MATCH = YES;
				CODE_SIGN_STYLE = Automatic;
				COPY_PHASE_STRIP = NO;
				CURRENT_PROJECT_VERSION = 1;
				DEBUG_INFORMATION_FORMAT = "dwarf-with-dsym";
				DEVELOPMENT_ASSET_PATHS = "\"ChatAppSwiftUI/Preview Content\"";
				DEVELOPMENT_TEAM = SHP38F3EM7;
				ENABLE_NS_ASSERTIONS = NO;
				ENABLE_PREVIEWS = YES;
				ENABLE_STRICT_OBJC_MSGSEND = YES;
				GCC_C_LANGUAGE_STANDARD = gnu11;
				GCC_NO_COMMON_BLOCKS = YES;
				GCC_WARN_64_TO_32_BIT_CONVERSION = YES;
				GCC_WARN_ABOUT_RETURN_TYPE = YES_ERROR;
				GCC_WARN_UNDECLARED_SELECTOR = YES;
				GCC_WARN_UNINITIALIZED_AUTOS = YES_AGGRESSIVE;
				GCC_WARN_UNUSED_FUNCTION = YES;
				GCC_WARN_UNUSED_VARIABLE = YES;
				GENERATE_INFOPLIST_FILE = YES;
				INFOPLIST_KEY_UIApplicationSceneManifest_Generation = YES;
				INFOPLIST_KEY_UIApplicationSupportsIndirectInputEvents = YES;
				INFOPLIST_KEY_UILaunchScreen_Generation = YES;
				INFOPLIST_KEY_UISupportedInterfaceOrientations = UIInterfaceOrientationPortrait;
				INFOPLIST_KEY_UISupportedInterfaceOrientations_iPad = "UIInterfaceOrientationLandscapeLeft UIInterfaceOrientationPortrait";
				IPHONEOS_DEPLOYMENT_TARGET = 16.1;
				LD_RUNPATH_SEARCH_PATHS = (
					"$(inherited)",
					"@executable_path/Frameworks",
				);
				MARKETING_VERSION = 1.0;
				MTL_ENABLE_DEBUG_INFO = NO;
				MTL_FAST_MATH = YES;
				PRODUCT_BUNDLE_IDENTIFIER = barisozgen.ChatAppSwiftUI;
				PRODUCT_NAME = "$(TARGET_NAME)";
				SDKROOT = iphoneos;
				SWIFT_COMPILATION_MODE = wholemodule;
				SWIFT_EMIT_LOC_STRINGS = YES;
				SWIFT_OPTIMIZATION_LEVEL = "-O";
				SWIFT_VERSION = 5.0;
				TARGETED_DEVICE_FAMILY = "1,2";
				VALIDATE_PRODUCT = YES;
			};
			name = Release;
		};
/* End XCBuildConfiguration section */

/* Begin XCConfigurationList section */
		AFE891432932053F001262A8 /* Build configuration list for PBXProject "ChatApp-SwiftUI-UIKit" */ = {
			isa = XCConfigurationList;
			buildConfigurations = (
				AFE891442932053F001262A8 /* Debug */,
				AFE891452932053F001262A8 /* Release */,
			);
			defaultConfigurationIsVisible = 0;
			defaultConfigurationName = Release;
		};
		AFE8915C2932054E001262A8 /* Build configuration list for PBXNativeTarget "ChatAppUIKit" */ = {
			isa = XCConfigurationList;
			buildConfigurations = (
				AFE8915D2932054E001262A8 /* Debug */,
				AFE8915E2932054E001262A8 /* Release */,
			);
			defaultConfigurationIsVisible = 0;
			defaultConfigurationName = Release;
		};
		AFE8916E2932057B001262A8 /* Build configuration list for PBXNativeTarget "ChatAppSwiftUI" */ = {
			isa = XCConfigurationList;
			buildConfigurations = (
				AFE8916F2932057B001262A8 /* Debug */,
				AFE891702932057B001262A8 /* Release */,
			);
			defaultConfigurationIsVisible = 0;
			defaultConfigurationName = Release;
		};
/* End XCConfigurationList section */

/* Begin XCRemoteSwiftPackageReference section */
		AFE8917C29320CA1001262A8 /* XCRemoteSwiftPackageReference "firebase-ios-sdk" */ = {
			isa = XCRemoteSwiftPackageReference;
			repositoryURL = "https://github.com/firebase/firebase-ios-sdk.git";
			requirement = {
				branch = master;
				kind = branch;
			};
		};
/* End XCRemoteSwiftPackageReference section */

/* Begin XCSwiftPackageProductDependency section */
		AFE8917D29320CA1001262A8 /* FirebaseAuth */ = {
			isa = XCSwiftPackageProductDependency;
			package = AFE8917C29320CA1001262A8 /* XCRemoteSwiftPackageReference "firebase-ios-sdk" */;
			productName = FirebaseAuth;
		};
		AFE8917F29320CA1001262A8 /* FirebaseFirestore */ = {
			isa = XCSwiftPackageProductDependency;
			package = AFE8917C29320CA1001262A8 /* XCRemoteSwiftPackageReference "firebase-ios-sdk" */;
			productName = FirebaseFirestore;
		};
		AFE8918129320CA1001262A8 /* FirebaseMessaging */ = {
			isa = XCSwiftPackageProductDependency;
			package = AFE8917C29320CA1001262A8 /* XCRemoteSwiftPackageReference "firebase-ios-sdk" */;
			productName = FirebaseMessaging;
		};
		AFE8918329320CA1001262A8 /* FirebaseStorage */ = {
			isa = XCSwiftPackageProductDependency;
			package = AFE8917C29320CA1001262A8 /* XCRemoteSwiftPackageReference "firebase-ios-sdk" */;
			productName = FirebaseStorage;
		};
		AFE891C9293232EE001262A8 /* FirebaseAuth */ = {
			isa = XCSwiftPackageProductDependency;
			package = AFE8917C29320CA1001262A8 /* XCRemoteSwiftPackageReference "firebase-ios-sdk" */;
			productName = FirebaseAuth;
		};
		AFE891CB293232EE001262A8 /* FirebaseFirestore */ = {
			isa = XCSwiftPackageProductDependency;
			package = AFE8917C29320CA1001262A8 /* XCRemoteSwiftPackageReference "firebase-ios-sdk" */;
			productName = FirebaseFirestore;
		};
		AFE891CD293232EE001262A8 /* FirebaseMessaging */ = {
			isa = XCSwiftPackageProductDependency;
			package = AFE8917C29320CA1001262A8 /* XCRemoteSwiftPackageReference "firebase-ios-sdk" */;
			productName = FirebaseMessaging;
		};
		AFE891CF293232EE001262A8 /* FirebaseStorage */ = {
			isa = XCSwiftPackageProductDependency;
			package = AFE8917C29320CA1001262A8 /* XCRemoteSwiftPackageReference "firebase-ios-sdk" */;
			productName = FirebaseStorage;
		};
		AFE891D4293235CE001262A8 /* FirebaseFirestoreSwift */ = {
			isa = XCSwiftPackageProductDependency;
			package = AFE8917C29320CA1001262A8 /* XCRemoteSwiftPackageReference "firebase-ios-sdk" */;
			productName = FirebaseFirestoreSwift;
		};
		AFE891D6293235D4001262A8 /* FirebaseFirestoreSwift */ = {
			isa = XCSwiftPackageProductDependency;
			package = AFE8917C29320CA1001262A8 /* XCRemoteSwiftPackageReference "firebase-ios-sdk" */;
			productName = FirebaseFirestoreSwift;
		};
/* End XCSwiftPackageProductDependency section */
	};
	rootObject = AFE891402932053F001262A8 /* Project object */;
}
